uuid: 0b112c69-6a7f-4be5-999c-4e5a5b5486d4
langcode: en
status: true
dependencies:
  module:
    - advanced_search
  theme:
    - olivero
id: solrsearchcontentsearchresultspagerforblock
theme: olivero
region: collection_content_region
weight: -18
provider: null
plugin: 'advanced_search_result_pager:solr_search_content__block_1'
settings:
  id: 'advanced_search_result_pager:solr_search_content__block_1'
  label: 'Solr search content: Search Results Pager for Block'
  label_display: '0'
  provider: advanced_search
visibility: {  }
